
Microsoft Visual Studio Solution File, Format Version 12.00
# Visual Studio Version 16
VisualStudioVersion = 16.0.30320.27
MinimumVisualStudioVersion = 10.0.40219.1
Project("{FAE04EC0-301F-11D3-BF4B-00C04F79EFBC}") = "BSMM2.UWP", "BSMM2.UWP\BSMM2.UWP.csproj", "{83E4C38A-8052-49A9-9CCB-5E9BC94C504F}"
EndProject
Project("{FAE04EC0-301F-11D3-BF4B-00C04F79EFBC}") = "BSMM2.Android", "BSMM2.Android\BSMM2.Android.csproj", "{91A63158-E375-4E09-9DE3-52BA39B826DA}"
EndProject
Project("{FAE04EC0-301F-11D3-BF4B-00C04F79EFBC}") = "BSMM2.iOS", "BSMM2.iOS\BSMM2.iOS.csproj", "{ABCD2E79-E16C-4917-BDF0-4D538E8DC765}"
EndProject
Project("{9A19103F-16F7-4668-BE54-9A1E7A4F7556}") = "BSMM2", "BSMM2\BSMM2.csproj", "{D452D233-B612-4358-B7E4-68E6998D0F89}"
EndProject
Project("{9A19103F-16F7-4668-BE54-9A1E7A4F7556}") = "BSMM2Test", "BSMM2Test\BSMM2Test.csproj", "{C2A07EE8-C64E-4703-BD8A-766D80630F6F}"
	ProjectSection(ProjectDependencies) = postProject
		{D452D233-B612-4358-B7E4-68E6998D0F89} = {D452D233-B612-4358-B7E4-68E6998D0F89}
	EndProjectSection
EndProject
Global
	GlobalSection(SolutionConfigurationPlatforms) = preSolution
		Debug|Any CPU = Debug|Any CPU
		Debug|ARM = Debug|ARM
		Debug|iPhone = Debug|iPhone
		Debug|iPhoneSimulator = Debug|iPhoneSimulator
		Debug|x64 = Debug|x64
		Debug|x86 = Debug|x86
		Release|Any CPU = Release|Any CPU
		Release|ARM = Release|ARM
		Release|iPhone = Release|iPhone
		Release|iPhoneSimulator = Release|iPhoneSimulator
		Release|x64 = Release|x64
		Release|x86 = Release|x86
	EndGlobalSection
	GlobalSection(ProjectConfigurationPlatforms) = postSolution
		{83E4C38A-8052-49A9-9CCB-5E9BC94C504F}.Debug|Any CPU.ActiveCfg = Debug|x86
		{83E4C38A-8052-49A9-9CCB-5E9BC94C504F}.Debug|Any CPU.Build.0 = Debug|x86
		{83E4C38A-8052-49A9-9CCB-5E9BC94C504F}.Debug|Any CPU.Deploy.0 = Debug|x86
		{83E4C38A-8052-49A9-9CCB-5E9BC94C504F}.Debug|ARM.ActiveCfg = Debug|ARM
		{83E4C38A-8052-49A9-9CCB-5E9BC94C504F}.Debug|ARM.Build.0 = Debug|ARM
		{83E4C38A-8052-49A9-9CCB-5E9BC94C504F}.Debug|ARM.Deploy.0 = Debug|ARM
		{83E4C38A-8052-49A9-9CCB-5E9BC94C504F}.Debug|iPhone.ActiveCfg = Debug|x86
		{83E4C38A-8052-49A9-9CCB-5E9BC94C504F}.Debug|iPhone.Build.0 = Debug|x86
		{83E4C38A-8052-49A9-9CCB-5E9BC94C504F}.Debug|iPhone.Deploy.0 = Debug|x86
		{83E4C38A-8052-49A9-9CCB-5E9BC94C504F}.Debug|iPhoneSimulator.ActiveCfg = Debug|x86
		{83E4C38A-8052-49A9-9CCB-5E9BC94C504F}.Debug|iPhoneSimulator.Build.0 = Debug|x86
		{83E4C38A-8052-49A9-9CCB-5E9BC94C504F}.Debug|iPhoneSimulator.Deploy.0 = Debug|x86
		{83E4C38A-8052-49A9-9CCB-5E9BC94C504F}.Debug|x64.ActiveCfg = Debug|x64
		{83E4C38A-8052-49A9-9CCB-5E9BC94C504F}.Debug|x64.Build.0 = Debug|x64
		{83E4C38A-8052-49A9-9CCB-5E9BC94C504F}.Debug|x64.Deploy.0 = Debug|x64
		{83E4C38A-8052-49A9-9CCB-5E9BC94C504F}.Debug|x86.ActiveCfg = Debug|x86
		{83E4C38A-8052-49A9-9CCB-5E9BC94C504F}.Debug|x86.Build.0 = Debug|x86
		{83E4C38A-8052-49A9-9CCB-5E9BC94C504F}.Debug|x86.Deploy.0 = Debug|x86
		{83E4C38A-8052-49A9-9CCB-5E9BC94C504F}.Release|Any CPU.ActiveCfg = Release|x86
		{83E4C38A-8052-49A9-9CCB-5E9BC94C504F}.Release|Any CPU.Build.0 = Release|x86
		{83E4C38A-8052-49A9-9CCB-5E9BC94C504F}.Release|Any CPU.Deploy.0 = Release|x86
		{83E4C38A-8052-49A9-9CCB-5E9BC94C504F}.Release|ARM.ActiveCfg = Release|ARM
		{83E4C38A-8052-49A9-9CCB-5E9BC94C504F}.Release|ARM.Build.0 = Release|ARM
		{83E4C38A-8052-49A9-9CCB-5E9BC94C504F}.Release|ARM.Deploy.0 = Release|ARM
		{83E4C38A-8052-49A9-9CCB-5E9BC94C504F}.Release|iPhone.ActiveCfg = Release|x86
		{83E4C38A-8052-49A9-9CCB-5E9BC94C504F}.Release|iPhone.Build.0 = Release|x86
		{83E4C38A-8052-49A9-9CCB-5E9BC94C504F}.Release|iPhone.Deploy.0 = Release|x86
		{83E4C38A-8052-49A9-9CCB-5E9BC94C504F}.Release|iPhoneSimulator.ActiveCfg = Release|x86
		{83E4C38A-8052-49A9-9CCB-5E9BC94C504F}.Release|iPhoneSimulator.Build.0 = Release|x86
		{83E4C38A-8052-49A9-9CCB-5E9BC94C504F}.Release|iPhoneSimulator.Deploy.0 = Release|x86
		{83E4C38A-8052-49A9-9CCB-5E9BC94C504F}.Release|x64.ActiveCfg = Release|x64
		{83E4C38A-8052-49A9-9CCB-5E9BC94C504F}.Release|x64.Build.0 = Release|x64
		{83E4C38A-8052-49A9-9CCB-5E9BC94C504F}.Release|x64.Deploy.0 = Release|x64
		{83E4C38A-8052-49A9-9CCB-5E9BC94C504F}.Release|x86.ActiveCfg = Release|x86
		{83E4C38A-8052-49A9-9CCB-5E9BC94C504F}.Release|x86.Build.0 = Release|x86
		{83E4C38A-8052-49A9-9CCB-5E9BC94C504F}.Release|x86.Deploy.0 = Release|x86
		{91A63158-E375-4E09-9DE3-52BA39B826DA}.Debug|Any CPU.ActiveCfg = Debug|Any CPU
		{91A63158-E375-4E09-9DE3-52BA39B826DA}.Debug|Any CPU.Build.0 = Debug|Any CPU
		{91A63158-E375-4E09-9DE3-52BA39B826DA}.Debug|Any CPU.Deploy.0 = Debug|Any CPU
		{91A63158-E375-4E09-9DE3-52BA39B826DA}.Debug|ARM.ActiveCfg = Debug|Any CPU
		{91A63158-E375-4E09-9DE3-52BA39B826DA}.Debug|ARM.Build.0 = Debug|Any CPU
		{91A63158-E375-4E09-9DE3-52BA39B826DA}.Debug|ARM.Deploy.0 = Debug|Any CPU
		{91A63158-E375-4E09-9DE3-52BA39B826DA}.Debug|iPhone.ActiveCfg = Debug|Any CPU
		{91A63158-E375-4E09-9DE3-52BA39B826DA}.Debug|iPhone.Build.0 = Debug|Any CPU
		{91A63158-E375-4E09-9DE3-52BA39B826DA}.Debug|iPhone.Deploy.0 = Debug|Any CPU
		{91A63158-E375-4E09-9DE3-52BA39B826DA}.Debug|iPhoneSimulator.ActiveCfg = Debug|Any CPU
		{91A63158-E375-4E09-9DE3-52BA39B826DA}.Debug|iPhoneSimulator.Build.0 = Debug|Any CPU
		{91A63158-E375-4E09-9DE3-52BA39B826DA}.Debug|iPhoneSimulator.Deploy.0 = Debug|Any CPU
		{91A63158-E375-4E09-9DE3-52BA39B826DA}.Debug|x64.ActiveCfg = Debug|Any CPU
		{91A63158-E375-4E09-9DE3-52BA39B826DA}.Debug|x64.Build.0 = Debug|Any CPU
		{91A63158-E375-4E09-9DE3-52BA39B826DA}.Debug|x64.Deploy.0 = Debug|Any CPU
		{91A63158-E375-4E09-9DE3-52BA39B826DA}.Debug|x86.ActiveCfg = Debug|Any CPU
		{91A63158-E375-4E09-9DE3-52BA39B826DA}.Debug|x86.Build.0 = Debug|Any CPU
		{91A63158-E375-4E09-9DE3-52BA39B826DA}.Debug|x86.Deploy.0 = Debug|Any CPU
		{91A63158-E375-4E09-9DE3-52BA39B826DA}.Release|Any CPU.ActiveCfg = Release|Any CPU
		{91A63158-E375-4E09-9DE3-52BA39B826DA}.Release|Any CPU.Build.0 = Release|Any CPU
		{91A63158-E375-4E09-9DE3-52BA39B826DA}.Release|Any CPU.Deploy.0 = Release|Any CPU
		{91A63158-E375-4E09-9DE3-52BA39B826DA}.Release|ARM.ActiveCfg = Release|Any CPU
		{91A63158-E375-4E09-9DE3-52BA39B826DA}.Release|ARM.Build.0 = Release|Any CPU
		{91A63158-E375-4E09-9DE3-52BA39B826DA}.Release|ARM.Deploy.0 = Release|Any CPU
		{91A63158-E375-4E09-9DE3-52BA39B826DA}.Release|iPhone.ActiveCfg = Release|Any CPU
		{91A63158-E375-4E09-9DE3-52BA39B826DA}.Release|iPhone.Build.0 = Release|Any CPU
		{91A63158-E375-4E09-9DE3-52BA39B826DA}.Release|iPhone.Deploy.0 = Release|Any CPU
		{91A63158-E375-4E09-9DE3-52BA39B826DA}.Release|iPhoneSimulator.ActiveCfg = Release|Any CPU
		{91A63158-E375-4E09-9DE3-52BA39B826DA}.Release|iPhoneSimulator.Build.0 = Release|Any CPU
		{91A63158-E375-4E09-9DE3-52BA39B826DA}.Release|iPhoneSimulator.Deploy.0 = Release|Any CPU
		{91A63158-E375-4E09-9DE3-52BA39B826DA}.Release|x64.ActiveCfg = Release|Any CPU
		{91A63158-E375-4E09-9DE3-52BA39B826DA}.Release|x64.Build.0 = Release|Any CPU
		{91A63158-E375-4E09-9DE3-52BA39B826DA}.Release|x64.Deploy.0 = Release|Any CPU
		{91A63158-E375-4E09-9DE3-52BA39B826DA}.Release|x86.ActiveCfg = Release|Any CPU
		{91A63158-E375-4E09-9DE3-52BA39B826DA}.Release|x86.Build.0 = Release|Any CPU
		{91A63158-E375-4E09-9DE3-52BA39B826DA}.Release|x86.Deploy.0 = Release|Any CPU
		{ABCD2E79-E16C-4917-BDF0-4D538E8DC765}.Debug|Any CPU.ActiveCfg = Debug|iPhone
		{ABCD2E79-E16C-4917-BDF0-4D538E8DC765}.Debug|Any CPU.Build.0 = Debug|iPhone
		{ABCD2E79-E16C-4917-BDF0-4D538E8DC765}.Debug|Any CPU.Deploy.0 = Debug|iPhone
		{ABCD2E79-E16C-4917-BDF0-4D538E8DC765}.Debug|ARM.ActiveCfg = Debug|iPhone
		{ABCD2E79-E16C-4917-BDF0-4D538E8DC765}.Debug|ARM.Build.0 = Debug|iPhone
		{ABCD2E79-E16C-4917-BDF0-4D538E8DC765}.Debug|ARM.Deploy.0 = Debug|iPhone
		{ABCD2E79-E16C-4917-BDF0-4D538E8DC765}.Debug|iPhone.ActiveCfg = Debug|iPhone
		{ABCD2E79-E16C-4917-BDF0-4D538E8DC765}.Debug|iPhone.Build.0 = Debug|iPhone
		{ABCD2E79-E16C-4917-BDF0-4D538E8DC765}.Debug|iPhone.Deploy.0 = Debug|iPhone
		{ABCD2E79-E16C-4917-BDF0-4D538E8DC765}.Debug|iPhoneSimulator.ActiveCfg = Debug|iPhoneSimulator
		{ABCD2E79-E16C-4917-BDF0-4D538E8DC765}.Debug|iPhoneSimulator.Build.0 = Debug|iPhoneSimulator
		{ABCD2E79-E16C-4917-BDF0-4D538E8DC765}.Debug|iPhoneSimulator.Deploy.0 = Debug|iPhoneSimulator
		{ABCD2E79-E16C-4917-BDF0-4D538E8DC765}.Debug|x64.ActiveCfg = Debug|iPhone
		{ABCD2E79-E16C-4917-BDF0-4D538E8DC765}.Debug|x64.Build.0 = Debug|iPhone
		{ABCD2E79-E16C-4917-BDF0-4D538E8DC765}.Debug|x64.Deploy.0 = Debug|iPhone
		{ABCD2E79-E16C-4917-BDF0-4D538E8DC765}.Debug|x86.ActiveCfg = Debug|iPhone
		{ABCD2E79-E16C-4917-BDF0-4D538E8DC765}.Debug|x86.Build.0 = Debug|iPhone
		{ABCD2E79-E16C-4917-BDF0-4D538E8DC765}.Debug|x86.Deploy.0 = Debug|iPhone
		{ABCD2E79-E16C-4917-BDF0-4D538E8DC765}.Release|Any CPU.ActiveCfg = Release|iPhone
		{ABCD2E79-E16C-4917-BDF0-4D538E8DC765}.Release|Any CPU.Build.0 = Release|iPhone
		{ABCD2E79-E16C-4917-BDF0-4D538E8DC765}.Release|Any CPU.Deploy.0 = Release|iPhone
		{ABCD2E79-E16C-4917-BDF0-4D538E8DC765}.Release|ARM.ActiveCfg = Release|iPhone
		{ABCD2E79-E16C-4917-BDF0-4D538E8DC765}.Release|ARM.Build.0 = Release|iPhone
		{ABCD2E79-E16C-4917-BDF0-4D538E8DC765}.Release|ARM.Deploy.0 = Release|iPhone
		{ABCD2E79-E16C-4917-BDF0-4D538E8DC765}.Release|iPhone.ActiveCfg = Release|iPhone
		{ABCD2E79-E16C-4917-BDF0-4D538E8DC765}.Release|iPhone.Build.0 = Release|iPhone
		{ABCD2E79-E16C-4917-BDF0-4D538E8DC765}.Release|iPhone.Deploy.0 = Release|iPhone
		{ABCD2E79-E16C-4917-BDF0-4D538E8DC765}.Release|iPhoneSimulator.ActiveCfg = Release|iPhoneSimulator
		{ABCD2E79-E16C-4917-BDF0-4D538E8DC765}.Release|iPhoneSimulator.Build.0 = Release|iPhoneSimulator
		{ABCD2E79-E16C-4917-BDF0-4D538E8DC765}.Release|iPhoneSimulator.Deploy.0 = Release|iPhoneSimulator
		{ABCD2E79-E16C-4917-BDF0-4D538E8DC765}.Release|x64.ActiveCfg = Release|iPhone
		{ABCD2E79-E16C-4917-BDF0-4D538E8DC765}.Release|x64.Build.0 = Release|iPhone
		{ABCD2E79-E16C-4917-BDF0-4D538E8DC765}.Release|x64.Deploy.0 = Release|iPhone
		{ABCD2E79-E16C-4917-BDF0-4D538E8DC765}.Release|x86.ActiveCfg = Release|iPhone
		{ABCD2E79-E16C-4917-BDF0-4D538E8DC765}.Release|x86.Build.0 = Release|iPhone
		{ABCD2E79-E16C-4917-BDF0-4D538E8DC765}.Release|x86.Deploy.0 = Release|iPhone
		{D452D233-B612-4358-B7E4-68E6998D0F89}.Debug|Any CPU.ActiveCfg = Debug|Any CPU
		{D452D233-B612-4358-B7E4-68E6998D0F89}.Debug|Any CPU.Build.0 = Debug|Any CPU
		{D452D233-B612-4358-B7E4-68E6998D0F89}.Debug|Any CPU.Deploy.0 = Debug|Any CPU
		{D452D233-B612-4358-B7E4-68E6998D0F89}.Debug|ARM.ActiveCfg = Debug|Any CPU
		{D452D233-B612-4358-B7E4-68E6998D0F89}.Debug|ARM.Build.0 = Debug|Any CPU
		{D452D233-B612-4358-B7E4-68E6998D0F89}.Debug|ARM.Deploy.0 = Debug|Any CPU
		{D452D233-B612-4358-B7E4-68E6998D0F89}.Debug|iPhone.ActiveCfg = Debug|Any CPU
		{D452D233-B612-4358-B7E4-68E6998D0F89}.Debug|iPhone.Build.0 = Debug|Any CPU
		{D452D233-B612-4358-B7E4-68E6998D0F89}.Debug|iPhone.Deploy.0 = Debug|Any CPU
		{D452D233-B612-4358-B7E4-68E6998D0F89}.Debug|iPhoneSimulator.ActiveCfg = Debug|Any CPU
		{D452D233-B612-4358-B7E4-68E6998D0F89}.Debug|iPhoneSimulator.Build.0 = Debug|Any CPU
		{D452D233-B612-4358-B7E4-68E6998D0F89}.Debug|iPhoneSimulator.Deploy.0 = Debug|Any CPU
		{D452D233-B612-4358-B7E4-68E6998D0F89}.Debug|x64.ActiveCfg = Debug|Any CPU
		{D452D233-B612-4358-B7E4-68E6998D0F89}.Debug|x64.Build.0 = Debug|Any CPU
		{D452D233-B612-4358-B7E4-68E6998D0F89}.Debug|x64.Deploy.0 = Debug|Any CPU
		{D452D233-B612-4358-B7E4-68E6998D0F89}.Debug|x86.ActiveCfg = Debug|Any CPU
		{D452D233-B612-4358-B7E4-68E6998D0F89}.Debug|x86.Build.0 = Debug|Any CPU
		{D452D233-B612-4358-B7E4-68E6998D0F89}.Debug|x86.Deploy.0 = Debug|Any CPU
		{D452D233-B612-4358-B7E4-68E6998D0F89}.Release|Any CPU.ActiveCfg = Release|Any CPU
		{D452D233-B612-4358-B7E4-68E6998D0F89}.Release|Any CPU.Build.0 = Release|Any CPU
		{D452D233-B612-4358-B7E4-68E6998D0F89}.Release|Any CPU.Deploy.0 = Release|Any CPU
		{D452D233-B612-4358-B7E4-68E6998D0F89}.Release|ARM.ActiveCfg = Release|Any CPU
		{D452D233-B612-4358-B7E4-68E6998D0F89}.Release|ARM.Build.0 = Release|Any CPU
		{D452D233-B612-4358-B7E4-68E6998D0F89}.Release|ARM.Deploy.0 = Release|Any CPU
		{D452D233-B612-4358-B7E4-68E6998D0F89}.Release|iPhone.ActiveCfg = Release|Any CPU
		{D452D233-B612-4358-B7E4-68E6998D0F89}.Release|iPhone.Build.0 = Release|Any CPU
		{D452D233-B612-4358-B7E4-68E6998D0F89}.Release|iPhone.Deploy.0 = Release|Any CPU
		{D452D233-B612-4358-B7E4-68E6998D0F89}.Release|iPhoneSimulator.ActiveCfg = Release|Any CPU
		{D452D233-B612-4358-B7E4-68E6998D0F89}.Release|iPhoneSimulator.Build.0 = Release|Any CPU
		{D452D233-B612-4358-B7E4-68E6998D0F89}.Release|iPhoneSimulator.Deploy.0 = Release|Any CPU
		{D452D233-B612-4358-B7E4-68E6998D0F89}.Release|x64.ActiveCfg = Release|Any CPU
		{D452D233-B612-4358-B7E4-68E6998D0F89}.Release|x64.Build.0 = Release|Any CPU
		{D452D233-B612-4358-B7E4-68E6998D0F89}.Release|x64.Deploy.0 = Release|Any CPU
		{D452D233-B612-4358-B7E4-68E6998D0F89}.Release|x86.ActiveCfg = Release|Any CPU
		{D452D233-B612-4358-B7E4-68E6998D0F89}.Release|x86.Build.0 = Release|Any CPU
		{D452D233-B612-4358-B7E4-68E6998D0F89}.Release|x86.Deploy.0 = Release|Any CPU
		{C2A07EE8-C64E-4703-BD8A-766D80630F6F}.Debug|Any CPU.ActiveCfg = Debug|Any CPU
		{C2A07EE8-C64E-4703-BD8A-766D80630F6F}.Debug|Any CPU.Build.0 = Debug|Any CPU
		{C2A07EE8-C64E-4703-BD8A-766D80630F6F}.Debug|ARM.ActiveCfg = Debug|Any CPU
		{C2A07EE8-C64E-4703-BD8A-766D80630F6F}.Debug|ARM.Build.0 = Debug|Any CPU
		{C2A07EE8-C64E-4703-BD8A-766D80630F6F}.Debug|iPhone.ActiveCfg = Debug|Any CPU
		{C2A07EE8-C64E-4703-BD8A-766D80630F6F}.Debug|iPhone.Build.0 = Debug|Any CPU
		{C2A07EE8-C64E-4703-BD8A-766D80630F6F}.Debug|iPhoneSimulator.ActiveCfg = Debug|Any CPU
		{C2A07EE8-C64E-4703-BD8A-766D80630F6F}.Debug|iPhoneSimulator.Build.0 = Debug|Any CPU
		{C2A07EE8-C64E-4703-BD8A-766D80630F6F}.Debug|x64.ActiveCfg = Debug|Any CPU
		{C2A07EE8-C64E-4703-BD8A-766D80630F6F}.Debug|x64.Build.0 = Debug|Any CPU
		{C2A07EE8-C64E-4703-BD8A-766D80630F6F}.Debug|x86.ActiveCfg = Debug|Any CPU
		{C2A07EE8-C64E-4703-BD8A-766D80630F6F}.Debug|x86.Build.0 = Debug|Any CPU
		{C2A07EE8-C64E-4703-BD8A-766D80630F6F}.Release|Any CPU.ActiveCfg = Release|Any CPU
		{C2A07EE8-C64E-4703-BD8A-766D80630F6F}.Release|Any CPU.Build.0 = Release|Any CPU
		{C2A07EE8-C64E-4703-BD8A-766D80630F6F}.Release|ARM.ActiveCfg = Release|Any CPU
		{C2A07EE8-C64E-4703-BD8A-766D80630F6F}.Release|ARM.Build.0 = Release|Any CPU
		{C2A07EE8-C64E-4703-BD8A-766D80630F6F}.Release|iPhone.ActiveCfg = Release|Any CPU
		{C2A07EE8-C64E-4703-BD8A-766D80630F6F}.Release|iPhone.Build.0 = Release|Any CPU
		{C2A07EE8-C64E-4703-BD8A-766D80630F6F}.Release|iPhoneSimulator.ActiveCfg = Release|Any CPU
		{C2A07EE8-C64E-4703-BD8A-766D80630F6F}.Release|iPhoneSimulator.Build.0 = Release|Any CPU
		{C2A07EE8-C64E-4703-BD8A-766D80630F6F}.Release|x64.ActiveCfg = Release|Any CPU
		{C2A07EE8-C64E-4703-BD8A-766D80630F6F}.Release|x64.Build.0 = Release|Any CPU
		{C2A07EE8-C64E-4703-BD8A-766D80630F6F}.Release|x86.ActiveCfg = Release|Any CPU
		{C2A07EE8-C64E-4703-BD8A-766D80630F6F}.Release|x86.Build.0 = Release|Any CPU
	EndGlobalSection
	GlobalSection(SolutionProperties) = preSolution
		HideSolutionNode = FALSE
	EndGlobalSection
	GlobalSection(ExtensibilityGlobals) = postSolution
		SolutionGuid = {88C41AAB-51DD-409D-9427-D27BEE5B6552}
	EndGlobalSection
EndGlobal
